
Microsoft Visual Studio Solution File, Format Version 12.00
# Visual Studio 15
VisualStudioVersion = 15.0.27703.2000
MinimumVisualStudioVersion = 10.0.40219.1
Project("{FAE04EC0-301F-11D3-BF4B-00C04F79EFBC}") = "AppXamarinForms.Android", "AppXamarinForms\AppXamarinForms.Android\AppXamarinForms.Android.csproj", "{043FEC2A-24AA-4944-9FCD-A70A9787D7B5}"
EndProject
Project("{FAE04EC0-301F-11D3-BF4B-00C04F79EFBC}") = "AppXamarinForms.iOS", "AppXamarinForms\AppXamarinForms.iOS\AppXamarinForms.iOS.csproj", "{048F126D-7094-4D91-BDDB-875192A77310}"
EndProject
Project("{FAE04EC0-301F-11D3-BF4B-00C04F79EFBC}") = "AppXamarinForms.UWP", "AppXamarinForms\AppXamarinForms.UWP\AppXamarinForms.UWP.csproj", "{2EFAA01E-4495-471B-B80D-FC4D82A76B18}"
EndProject
Project("{FAE04EC0-301F-11D3-BF4B-00C04F79EFBC}") = "AppXamarinForms", "AppXamarinForms\AppXamarinForms\AppXamarinForms.csproj", "{94CE4B05-4398-49CF-8FA4-3BE949A8D730}"
EndProject
Global
	GlobalSection(SolutionConfigurationPlatforms) = preSolution
		Ad-Hoc|Any CPU = Ad-Hoc|Any CPU
		Ad-Hoc|ARM = Ad-Hoc|ARM
		Ad-Hoc|iPhone = Ad-Hoc|iPhone
		Ad-Hoc|iPhoneSimulator = Ad-Hoc|iPhoneSimulator
		Ad-Hoc|x64 = Ad-Hoc|x64
		Ad-Hoc|x86 = Ad-Hoc|x86
		AppStore|Any CPU = AppStore|Any CPU
		AppStore|ARM = AppStore|ARM
		AppStore|iPhone = AppStore|iPhone
		AppStore|iPhoneSimulator = AppStore|iPhoneSimulator
		AppStore|x64 = AppStore|x64
		AppStore|x86 = AppStore|x86
		Debug|Any CPU = Debug|Any CPU
		Debug|ARM = Debug|ARM
		Debug|iPhone = Debug|iPhone
		Debug|iPhoneSimulator = Debug|iPhoneSimulator
		Debug|x64 = Debug|x64
		Debug|x86 = Debug|x86
		Release|Any CPU = Release|Any CPU
		Release|ARM = Release|ARM
		Release|iPhone = Release|iPhone
		Release|iPhoneSimulator = Release|iPhoneSimulator
		Release|x64 = Release|x64
		Release|x86 = Release|x86
	EndGlobalSection
	GlobalSection(ProjectConfigurationPlatforms) = postSolution
		{043FEC2A-24AA-4944-9FCD-A70A9787D7B5}.Ad-Hoc|Any CPU.ActiveCfg = Release|Any CPU
		{043FEC2A-24AA-4944-9FCD-A70A9787D7B5}.Ad-Hoc|Any CPU.Build.0 = Release|Any CPU
		{043FEC2A-24AA-4944-9FCD-A70A9787D7B5}.Ad-Hoc|Any CPU.Deploy.0 = Release|Any CPU
		{043FEC2A-24AA-4944-9FCD-A70A9787D7B5}.Ad-Hoc|ARM.ActiveCfg = Release|Any CPU
		{043FEC2A-24AA-4944-9FCD-A70A9787D7B5}.Ad-Hoc|ARM.Build.0 = Release|Any CPU
		{043FEC2A-24AA-4944-9FCD-A70A9787D7B5}.Ad-Hoc|ARM.Deploy.0 = Release|Any CPU
		{043FEC2A-24AA-4944-9FCD-A70A9787D7B5}.Ad-Hoc|iPhone.ActiveCfg = Release|Any CPU
		{043FEC2A-24AA-4944-9FCD-A70A9787D7B5}.Ad-Hoc|iPhone.Build.0 = Release|Any CPU
		{043FEC2A-24AA-4944-9FCD-A70A9787D7B5}.Ad-Hoc|iPhone.Deploy.0 = Release|Any CPU
		{043FEC2A-24AA-4944-9FCD-A70A9787D7B5}.Ad-Hoc|iPhoneSimulator.ActiveCfg = Release|Any CPU
		{043FEC2A-24AA-4944-9FCD-A70A9787D7B5}.Ad-Hoc|iPhoneSimulator.Build.0 = Release|Any CPU
		{043FEC2A-24AA-4944-9FCD-A70A9787D7B5}.Ad-Hoc|iPhoneSimulator.Deploy.0 = Release|Any CPU
		{043FEC2A-24AA-4944-9FCD-A70A9787D7B5}.Ad-Hoc|x64.ActiveCfg = Release|Any CPU
		{043FEC2A-24AA-4944-9FCD-A70A9787D7B5}.Ad-Hoc|x64.Build.0 = Release|Any CPU
		{043FEC2A-24AA-4944-9FCD-A70A9787D7B5}.Ad-Hoc|x64.Deploy.0 = Release|Any CPU
		{043FEC2A-24AA-4944-9FCD-A70A9787D7B5}.Ad-Hoc|x86.ActiveCfg = Release|Any CPU
		{043FEC2A-24AA-4944-9FCD-A70A9787D7B5}.Ad-Hoc|x86.Build.0 = Release|Any CPU
		{043FEC2A-24AA-4944-9FCD-A70A9787D7B5}.Ad-Hoc|x86.Deploy.0 = Release|Any CPU
		{043FEC2A-24AA-4944-9FCD-A70A9787D7B5}.AppStore|Any CPU.ActiveCfg = Release|Any CPU
		{043FEC2A-24AA-4944-9FCD-A70A9787D7B5}.AppStore|Any CPU.Build.0 = Release|Any CPU
		{043FEC2A-24AA-4944-9FCD-A70A9787D7B5}.AppStore|Any CPU.Deploy.0 = Release|Any CPU
		{043FEC2A-24AA-4944-9FCD-A70A9787D7B5}.AppStore|ARM.ActiveCfg = Release|Any CPU
		{043FEC2A-24AA-4944-9FCD-A70A9787D7B5}.AppStore|ARM.Build.0 = Release|Any CPU
		{043FEC2A-24AA-4944-9FCD-A70A9787D7B5}.AppStore|ARM.Deploy.0 = Release|Any CPU
		{043FEC2A-24AA-4944-9FCD-A70A9787D7B5}.AppStore|iPhone.ActiveCfg = Release|Any CPU
		{043FEC2A-24AA-4944-9FCD-A70A9787D7B5}.AppStore|iPhone.Build.0 = Release|Any CPU
		{043FEC2A-24AA-4944-9FCD-A70A9787D7B5}.AppStore|iPhone.Deploy.0 = Release|Any CPU
		{043FEC2A-24AA-4944-9FCD-A70A9787D7B5}.AppStore|iPhoneSimulator.ActiveCfg = Release|Any CPU
		{043FEC2A-24AA-4944-9FCD-A70A9787D7B5}.AppStore|iPhoneSimulator.Build.0 = Release|Any CPU
		{043FEC2A-24AA-4944-9FCD-A70A9787D7B5}.AppStore|iPhoneSimulator.Deploy.0 = Release|Any CPU
		{043FEC2A-24AA-4944-9FCD-A70A9787D7B5}.AppStore|x64.ActiveCfg = Release|Any CPU
		{043FEC2A-24AA-4944-9FCD-A70A9787D7B5}.AppStore|x64.Build.0 = Release|Any CPU
		{043FEC2A-24AA-4944-9FCD-A70A9787D7B5}.AppStore|x64.Deploy.0 = Release|Any CPU
		{043FEC2A-24AA-4944-9FCD-A70A9787D7B5}.AppStore|x86.ActiveCfg = Release|Any CPU
		{043FEC2A-24AA-4944-9FCD-A70A9787D7B5}.AppStore|x86.Build.0 = Release|Any CPU
		{043FEC2A-24AA-4944-9FCD-A70A9787D7B5}.AppStore|x86.Deploy.0 = Release|Any CPU
		{043FEC2A-24AA-4944-9FCD-A70A9787D7B5}.Debug|Any CPU.ActiveCfg = Debug|Any CPU
		{043FEC2A-24AA-4944-9FCD-A70A9787D7B5}.Debug|Any CPU.Build.0 = Debug|Any CPU
		{043FEC2A-24AA-4944-9FCD-A70A9787D7B5}.Debug|Any CPU.Deploy.0 = Debug|Any CPU
		{043FEC2A-24AA-4944-9FCD-A70A9787D7B5}.Debug|ARM.ActiveCfg = Debug|Any CPU
		{043FEC2A-24AA-4944-9FCD-A70A9787D7B5}.Debug|ARM.Build.0 = Debug|Any CPU
		{043FEC2A-24AA-4944-9FCD-A70A9787D7B5}.Debug|ARM.Deploy.0 = Debug|Any CPU
		{043FEC2A-24AA-4944-9FCD-A70A9787D7B5}.Debug|iPhone.ActiveCfg = Debug|Any CPU
		{043FEC2A-24AA-4944-9FCD-A70A9787D7B5}.Debug|iPhone.Build.0 = Debug|Any CPU
		{043FEC2A-24AA-4944-9FCD-A70A9787D7B5}.Debug|iPhone.Deploy.0 = Debug|Any CPU
		{043FEC2A-24AA-4944-9FCD-A70A9787D7B5}.Debug|iPhoneSimulator.ActiveCfg = Debug|Any CPU
		{043FEC2A-24AA-4944-9FCD-A70A9787D7B5}.Debug|iPhoneSimulator.Build.0 = Debug|Any CPU
		{043FEC2A-24AA-4944-9FCD-A70A9787D7B5}.Debug|iPhoneSimulator.Deploy.0 = Debug|Any CPU
		{043FEC2A-24AA-4944-9FCD-A70A9787D7B5}.Debug|x64.ActiveCfg = Debug|Any CPU
		{043FEC2A-24AA-4944-9FCD-A70A9787D7B5}.Debug|x64.Build.0 = Debug|Any CPU
		{043FEC2A-24AA-4944-9FCD-A70A9787D7B5}.Debug|x64.Deploy.0 = Debug|Any CPU
		{043FEC2A-24AA-4944-9FCD-A70A9787D7B5}.Debug|x86.ActiveCfg = Debug|Any CPU
		{043FEC2A-24AA-4944-9FCD-A70A9787D7B5}.Debug|x86.Build.0 = Debug|Any CPU
		{043FEC2A-24AA-4944-9FCD-A70A9787D7B5}.Debug|x86.Deploy.0 = Debug|Any CPU
		{043FEC2A-24AA-4944-9FCD-A70A9787D7B5}.Release|Any CPU.ActiveCfg = Release|Any CPU
		{043FEC2A-24AA-4944-9FCD-A70A9787D7B5}.Release|Any CPU.Build.0 = Release|Any CPU
		{043FEC2A-24AA-4944-9FCD-A70A9787D7B5}.Release|Any CPU.Deploy.0 = Release|Any CPU
		{043FEC2A-24AA-4944-9FCD-A70A9787D7B5}.Release|ARM.ActiveCfg = Release|Any CPU
		{043FEC2A-24AA-4944-9FCD-A70A9787D7B5}.Release|ARM.Build.0 = Release|Any CPU
		{043FEC2A-24AA-4944-9FCD-A70A9787D7B5}.Release|ARM.Deploy.0 = Release|Any CPU
		{043FEC2A-24AA-4944-9FCD-A70A9787D7B5}.Release|iPhone.ActiveCfg = Release|Any CPU
		{043FEC2A-24AA-4944-9FCD-A70A9787D7B5}.Release|iPhone.Build.0 = Release|Any CPU
		{043FEC2A-24AA-4944-9FCD-A70A9787D7B5}.Release|iPhone.Deploy.0 = Release|Any CPU
		{043FEC2A-24AA-4944-9FCD-A70A9787D7B5}.Release|iPhoneSimulator.ActiveCfg = Release|Any CPU
		{043FEC2A-24AA-4944-9FCD-A70A9787D7B5}.Release|iPhoneSimulator.Build.0 = Release|Any CPU
		{043FEC2A-24AA-4944-9FCD-A70A9787D7B5}.Release|iPhoneSimulator.Deploy.0 = Release|Any CPU
		{043FEC2A-24AA-4944-9FCD-A70A9787D7B5}.Release|x64.ActiveCfg = Release|Any CPU
		{043FEC2A-24AA-4944-9FCD-A70A9787D7B5}.Release|x64.Build.0 = Release|Any CPU
		{043FEC2A-24AA-4944-9FCD-A70A9787D7B5}.Release|x64.Deploy.0 = Release|Any CPU
		{043FEC2A-24AA-4944-9FCD-A70A9787D7B5}.Release|x86.ActiveCfg = Release|Any CPU
		{043FEC2A-24AA-4944-9FCD-A70A9787D7B5}.Release|x86.Build.0 = Release|Any CPU
		{043FEC2A-24AA-4944-9FCD-A70A9787D7B5}.Release|x86.Deploy.0 = Release|Any CPU
		{048F126D-7094-4D91-BDDB-875192A77310}.Ad-Hoc|Any CPU.ActiveCfg = Ad-Hoc|iPhone
		{048F126D-7094-4D91-BDDB-875192A77310}.Ad-Hoc|Any CPU.Build.0 = Ad-Hoc|iPhone
		{048F126D-7094-4D91-BDDB-875192A77310}.Ad-Hoc|Any CPU.Deploy.0 = Ad-Hoc|iPhone
		{048F126D-7094-4D91-BDDB-875192A77310}.Ad-Hoc|ARM.ActiveCfg = Ad-Hoc|iPhone
		{048F126D-7094-4D91-BDDB-875192A77310}.Ad-Hoc|ARM.Build.0 = Ad-Hoc|iPhone
		{048F126D-7094-4D91-BDDB-875192A77310}.Ad-Hoc|ARM.Deploy.0 = Ad-Hoc|iPhone
		{048F126D-7094-4D91-BDDB-875192A77310}.Ad-Hoc|iPhone.ActiveCfg = Ad-Hoc|iPhone
		{048F126D-7094-4D91-BDDB-875192A77310}.Ad-Hoc|iPhone.Build.0 = Ad-Hoc|iPhone
		{048F126D-7094-4D91-BDDB-875192A77310}.Ad-Hoc|iPhone.Deploy.0 = Ad-Hoc|iPhone
		{048F126D-7094-4D91-BDDB-875192A77310}.Ad-Hoc|iPhoneSimulator.ActiveCfg = Ad-Hoc|iPhoneSimulator
		{048F126D-7094-4D91-BDDB-875192A77310}.Ad-Hoc|iPhoneSimulator.Build.0 = Ad-Hoc|iPhoneSimulator
		{048F126D-7094-4D91-BDDB-875192A77310}.Ad-Hoc|iPhoneSimulator.Deploy.0 = Ad-Hoc|iPhoneSimulator
		{048F126D-7094-4D91-BDDB-875192A77310}.Ad-Hoc|x64.ActiveCfg = Ad-Hoc|iPhone
		{048F126D-7094-4D91-BDDB-875192A77310}.Ad-Hoc|x64.Build.0 = Ad-Hoc|iPhone
		{048F126D-7094-4D91-BDDB-875192A77310}.Ad-Hoc|x64.Deploy.0 = Ad-Hoc|iPhone
		{048F126D-7094-4D91-BDDB-875192A77310}.Ad-Hoc|x86.ActiveCfg = Ad-Hoc|iPhone
		{048F126D-7094-4D91-BDDB-875192A77310}.Ad-Hoc|x86.Build.0 = Ad-Hoc|iPhone
		{048F126D-7094-4D91-BDDB-875192A77310}.Ad-Hoc|x86.Deploy.0 = Ad-Hoc|iPhone
		{048F126D-7094-4D91-BDDB-875192A77310}.AppStore|Any CPU.ActiveCfg = AppStore|iPhone
		{048F126D-7094-4D91-BDDB-875192A77310}.AppStore|Any CPU.Build.0 = AppStore|iPhone
		{048F126D-7094-4D91-BDDB-875192A77310}.AppStore|Any CPU.Deploy.0 = AppStore|iPhone
		{048F126D-7094-4D91-BDDB-875192A77310}.AppStore|ARM.ActiveCfg = AppStore|iPhone
		{048F126D-7094-4D91-BDDB-875192A77310}.AppStore|ARM.Build.0 = AppStore|iPhone
		{048F126D-7094-4D91-BDDB-875192A77310}.AppStore|ARM.Deploy.0 = AppStore|iPhone
		{048F126D-7094-4D91-BDDB-875192A77310}.AppStore|iPhone.ActiveCfg = AppStore|iPhone
		{048F126D-7094-4D91-BDDB-875192A77310}.AppStore|iPhone.Build.0 = AppStore|iPhone
		{048F126D-7094-4D91-BDDB-875192A77310}.AppStore|iPhone.Deploy.0 = AppStore|iPhone
		{048F126D-7094-4D91-BDDB-875192A77310}.AppStore|iPhoneSimulator.ActiveCfg = AppStore|iPhoneSimulator
		{048F126D-7094-4D91-BDDB-875192A77310}.AppStore|iPhoneSimulator.Build.0 = AppStore|iPhoneSimulator
		{048F126D-7094-4D91-BDDB-875192A77310}.AppStore|iPhoneSimulator.Deploy.0 = AppStore|iPhoneSimulator
		{048F126D-7094-4D91-BDDB-875192A77310}.AppStore|x64.ActiveCfg = AppStore|iPhone
		{048F126D-7094-4D91-BDDB-875192A77310}.AppStore|x64.Build.0 = AppStore|iPhone
		{048F126D-7094-4D91-BDDB-875192A77310}.AppStore|x64.Deploy.0 = AppStore|iPhone
		{048F126D-7094-4D91-BDDB-875192A77310}.AppStore|x86.ActiveCfg = AppStore|iPhone
		{048F126D-7094-4D91-BDDB-875192A77310}.AppStore|x86.Build.0 = AppStore|iPhone
		{048F126D-7094-4D91-BDDB-875192A77310}.AppStore|x86.Deploy.0 = AppStore|iPhone
		{048F126D-7094-4D91-BDDB-875192A77310}.Debug|Any CPU.ActiveCfg = Debug|iPhoneSimulator
		{048F126D-7094-4D91-BDDB-875192A77310}.Debug|Any CPU.Build.0 = Debug|iPhoneSimulator
		{048F126D-7094-4D91-BDDB-875192A77310}.Debug|Any CPU.Deploy.0 = Debug|iPhoneSimulator
		{048F126D-7094-4D91-BDDB-875192A77310}.Debug|ARM.ActiveCfg = Debug|iPhone
		{048F126D-7094-4D91-BDDB-875192A77310}.Debug|ARM.Build.0 = Debug|iPhone
		{048F126D-7094-4D91-BDDB-875192A77310}.Debug|ARM.Deploy.0 = Debug|iPhone
		{048F126D-7094-4D91-BDDB-875192A77310}.Debug|iPhone.ActiveCfg = Debug|iPhone
		{048F126D-7094-4D91-BDDB-875192A77310}.Debug|iPhone.Build.0 = Debug|iPhone
		{048F126D-7094-4D91-BDDB-875192A77310}.Debug|iPhone.Deploy.0 = Debug|iPhone
		{048F126D-7094-4D91-BDDB-875192A77310}.Debug|iPhoneSimulator.ActiveCfg = Debug|iPhoneSimulator
		{048F126D-7094-4D91-BDDB-875192A77310}.Debug|iPhoneSimulator.Build.0 = Debug|iPhoneSimulator
		{048F126D-7094-4D91-BDDB-875192A77310}.Debug|iPhoneSimulator.Deploy.0 = Debug|iPhoneSimulator
		{048F126D-7094-4D91-BDDB-875192A77310}.Debug|x64.ActiveCfg = Debug|iPhone
		{048F126D-7094-4D91-BDDB-875192A77310}.Debug|x64.Build.0 = Debug|iPhone
		{048F126D-7094-4D91-BDDB-875192A77310}.Debug|x64.Deploy.0 = Debug|iPhone
		{048F126D-7094-4D91-BDDB-875192A77310}.Debug|x86.ActiveCfg = Debug|iPhone
		{048F126D-7094-4D91-BDDB-875192A77310}.Debug|x86.Build.0 = Debug|iPhone
		{048F126D-7094-4D91-BDDB-875192A77310}.Debug|x86.Deploy.0 = Debug|iPhone
		{048F126D-7094-4D91-BDDB-875192A77310}.Release|Any CPU.ActiveCfg = Release|iPhone
		{048F126D-7094-4D91-BDDB-875192A77310}.Release|Any CPU.Build.0 = Release|iPhone
		{048F126D-7094-4D91-BDDB-875192A77310}.Release|Any CPU.Deploy.0 = Release|iPhone
		{048F126D-7094-4D91-BDDB-875192A77310}.Release|ARM.ActiveCfg = Release|iPhone
		{048F126D-7094-4D91-BDDB-875192A77310}.Release|ARM.Build.0 = Release|iPhone
		{048F126D-7094-4D91-BDDB-875192A77310}.Release|ARM.Deploy.0 = Release|iPhone
		{048F126D-7094-4D91-BDDB-875192A77310}.Release|iPhone.ActiveCfg = Release|iPhone
		{048F126D-7094-4D91-BDDB-875192A77310}.Release|iPhone.Build.0 = Release|iPhone
		{048F126D-7094-4D91-BDDB-875192A77310}.Release|iPhone.Deploy.0 = Release|iPhone
		{048F126D-7094-4D91-BDDB-875192A77310}.Release|iPhoneSimulator.ActiveCfg = Release|iPhoneSimulator
		{048F126D-7094-4D91-BDDB-875192A77310}.Release|iPhoneSimulator.Build.0 = Release|iPhoneSimulator
		{048F126D-7094-4D91-BDDB-875192A77310}.Release|iPhoneSimulator.Deploy.0 = Release|iPhoneSimulator
		{048F126D-7094-4D91-BDDB-875192A77310}.Release|x64.ActiveCfg = Release|iPhone
		{048F126D-7094-4D91-BDDB-875192A77310}.Release|x64.Build.0 = Release|iPhone
		{048F126D-7094-4D91-BDDB-875192A77310}.Release|x64.Deploy.0 = Release|iPhone
		{048F126D-7094-4D91-BDDB-875192A77310}.Release|x86.ActiveCfg = Release|iPhone
		{048F126D-7094-4D91-BDDB-875192A77310}.Release|x86.Build.0 = Release|iPhone
		{048F126D-7094-4D91-BDDB-875192A77310}.Release|x86.Deploy.0 = Release|iPhone
		{2EFAA01E-4495-471B-B80D-FC4D82A76B18}.Ad-Hoc|Any CPU.ActiveCfg = Release|x86
		{2EFAA01E-4495-471B-B80D-FC4D82A76B18}.Ad-Hoc|Any CPU.Build.0 = Release|x86
		{2EFAA01E-4495-471B-B80D-FC4D82A76B18}.Ad-Hoc|Any CPU.Deploy.0 = Release|x86
		{2EFAA01E-4495-471B-B80D-FC4D82A76B18}.Ad-Hoc|ARM.ActiveCfg = Release|ARM
		{2EFAA01E-4495-471B-B80D-FC4D82A76B18}.Ad-Hoc|ARM.Build.0 = Release|ARM
		{2EFAA01E-4495-471B-B80D-FC4D82A76B18}.Ad-Hoc|ARM.Deploy.0 = Release|ARM
		{2EFAA01E-4495-471B-B80D-FC4D82A76B18}.Ad-Hoc|iPhone.ActiveCfg = Release|x86
		{2EFAA01E-4495-471B-B80D-FC4D82A76B18}.Ad-Hoc|iPhone.Build.0 = Release|x86
		{2EFAA01E-4495-471B-B80D-FC4D82A76B18}.Ad-Hoc|iPhone.Deploy.0 = Release|x86
		{2EFAA01E-4495-471B-B80D-FC4D82A76B18}.Ad-Hoc|iPhoneSimulator.ActiveCfg = Release|x86
		{2EFAA01E-4495-471B-B80D-FC4D82A76B18}.Ad-Hoc|iPhoneSimulator.Build.0 = Release|x86
		{2EFAA01E-4495-471B-B80D-FC4D82A76B18}.Ad-Hoc|iPhoneSimulator.Deploy.0 = Release|x86
		{2EFAA01E-4495-471B-B80D-FC4D82A76B18}.Ad-Hoc|x64.ActiveCfg = Release|x64
		{2EFAA01E-4495-471B-B80D-FC4D82A76B18}.Ad-Hoc|x64.Build.0 = Release|x64
		{2EFAA01E-4495-471B-B80D-FC4D82A76B18}.Ad-Hoc|x64.Deploy.0 = Release|x64
		{2EFAA01E-4495-471B-B80D-FC4D82A76B18}.Ad-Hoc|x86.ActiveCfg = Release|x86
		{2EFAA01E-4495-471B-B80D-FC4D82A76B18}.Ad-Hoc|x86.Build.0 = Release|x86
		{2EFAA01E-4495-471B-B80D-FC4D82A76B18}.Ad-Hoc|x86.Deploy.0 = Release|x86
		{2EFAA01E-4495-471B-B80D-FC4D82A76B18}.AppStore|Any CPU.ActiveCfg = Release|x86
		{2EFAA01E-4495-471B-B80D-FC4D82A76B18}.AppStore|Any CPU.Build.0 = Release|x86
		{2EFAA01E-4495-471B-B80D-FC4D82A76B18}.AppStore|Any CPU.Deploy.0 = Release|x86
		{2EFAA01E-4495-471B-B80D-FC4D82A76B18}.AppStore|ARM.ActiveCfg = Release|ARM
		{2EFAA01E-4495-471B-B80D-FC4D82A76B18}.AppStore|ARM.Build.0 = Release|ARM
		{2EFAA01E-4495-471B-B80D-FC4D82A76B18}.AppStore|ARM.Deploy.0 = Release|ARM
		{2EFAA01E-4495-471B-B80D-FC4D82A76B18}.AppStore|iPhone.ActiveCfg = Release|x86
		{2EFAA01E-4495-471B-B80D-FC4D82A76B18}.AppStore|iPhone.Build.0 = Release|x86
		{2EFAA01E-4495-471B-B80D-FC4D82A76B18}.AppStore|iPhone.Deploy.0 = Release|x86
		{2EFAA01E-4495-471B-B80D-FC4D82A76B18}.AppStore|iPhoneSimulator.ActiveCfg = Release|x86
		{2EFAA01E-4495-471B-B80D-FC4D82A76B18}.AppStore|iPhoneSimulator.Build.0 = Release|x86
		{2EFAA01E-4495-471B-B80D-FC4D82A76B18}.AppStore|iPhoneSimulator.Deploy.0 = Release|x86
		{2EFAA01E-4495-471B-B80D-FC4D82A76B18}.AppStore|x64.ActiveCfg = Release|x64
		{2EFAA01E-4495-471B-B80D-FC4D82A76B18}.AppStore|x64.Build.0 = Release|x64
		{2EFAA01E-4495-471B-B80D-FC4D82A76B18}.AppStore|x64.Deploy.0 = Release|x64
		{2EFAA01E-4495-471B-B80D-FC4D82A76B18}.AppStore|x86.ActiveCfg = Release|x86
		{2EFAA01E-4495-471B-B80D-FC4D82A76B18}.AppStore|x86.Build.0 = Release|x86
		{2EFAA01E-4495-471B-B80D-FC4D82A76B18}.AppStore|x86.Deploy.0 = Release|x86
		{2EFAA01E-4495-471B-B80D-FC4D82A76B18}.Debug|Any CPU.ActiveCfg = Debug|x86
		{2EFAA01E-4495-471B-B80D-FC4D82A76B18}.Debug|Any CPU.Build.0 = Debug|x86
		{2EFAA01E-4495-471B-B80D-FC4D82A76B18}.Debug|Any CPU.Deploy.0 = Debug|x86
		{2EFAA01E-4495-471B-B80D-FC4D82A76B18}.Debug|ARM.ActiveCfg = Debug|ARM
		{2EFAA01E-4495-471B-B80D-FC4D82A76B18}.Debug|ARM.Build.0 = Debug|ARM
		{2EFAA01E-4495-471B-B80D-FC4D82A76B18}.Debug|ARM.Deploy.0 = Debug|ARM
		{2EFAA01E-4495-471B-B80D-FC4D82A76B18}.Debug|iPhone.ActiveCfg = Debug|x86
		{2EFAA01E-4495-471B-B80D-FC4D82A76B18}.Debug|iPhone.Build.0 = Debug|x86
		{2EFAA01E-4495-471B-B80D-FC4D82A76B18}.Debug|iPhone.Deploy.0 = Debug|x86
		{2EFAA01E-4495-471B-B80D-FC4D82A76B18}.Debug|iPhoneSimulator.ActiveCfg = Debug|x86
		{2EFAA01E-4495-471B-B80D-FC4D82A76B18}.Debug|iPhoneSimulator.Build.0 = Debug|x86
		{2EFAA01E-4495-471B-B80D-FC4D82A76B18}.Debug|iPhoneSimulator.Deploy.0 = Debug|x86
		{2EFAA01E-4495-471B-B80D-FC4D82A76B18}.Debug|x64.ActiveCfg = Debug|x64
		{2EFAA01E-4495-471B-B80D-FC4D82A76B18}.Debug|x64.Build.0 = Debug|x64
		{2EFAA01E-4495-471B-B80D-FC4D82A76B18}.Debug|x64.Deploy.0 = Debug|x64
		{2EFAA01E-4495-471B-B80D-FC4D82A76B18}.Debug|x86.ActiveCfg = Debug|x86
		{2EFAA01E-4495-471B-B80D-FC4D82A76B18}.Debug|x86.Build.0 = Debug|x86
		{2EFAA01E-4495-471B-B80D-FC4D82A76B18}.Debug|x86.Deploy.0 = Debug|x86
		{2EFAA01E-4495-471B-B80D-FC4D82A76B18}.Release|Any CPU.ActiveCfg = Release|x86
		{2EFAA01E-4495-471B-B80D-FC4D82A76B18}.Release|Any CPU.Build.0 = Release|x86
		{2EFAA01E-4495-471B-B80D-FC4D82A76B18}.Release|Any CPU.Deploy.0 = Release|x86
		{2EFAA01E-4495-471B-B80D-FC4D82A76B18}.Release|ARM.ActiveCfg = Release|ARM
		{2EFAA01E-4495-471B-B80D-FC4D82A76B18}.Release|ARM.Build.0 = Release|ARM
		{2EFAA01E-4495-471B-B80D-FC4D82A76B18}.Release|ARM.Deploy.0 = Release|ARM
		{2EFAA01E-4495-471B-B80D-FC4D82A76B18}.Release|iPhone.ActiveCfg = Release|x86
		{2EFAA01E-4495-471B-B80D-FC4D82A76B18}.Release|iPhone.Build.0 = Release|x86
		{2EFAA01E-4495-471B-B80D-FC4D82A76B18}.Release|iPhone.Deploy.0 = Release|x86
		{2EFAA01E-4495-471B-B80D-FC4D82A76B18}.Release|iPhoneSimulator.ActiveCfg = Release|x86
		{2EFAA01E-4495-471B-B80D-FC4D82A76B18}.Release|iPhoneSimulator.Build.0 = Release|x86
		{2EFAA01E-4495-471B-B80D-FC4D82A76B18}.Release|iPhoneSimulator.Deploy.0 = Release|x86
		{2EFAA01E-4495-471B-B80D-FC4D82A76B18}.Release|x64.ActiveCfg = Release|x64
		{2EFAA01E-4495-471B-B80D-FC4D82A76B18}.Release|x64.Build.0 = Release|x64
		{2EFAA01E-4495-471B-B80D-FC4D82A76B18}.Release|x64.Deploy.0 = Release|x64
		{2EFAA01E-4495-471B-B80D-FC4D82A76B18}.Release|x86.ActiveCfg = Release|x86
		{2EFAA01E-4495-471B-B80D-FC4D82A76B18}.Release|x86.Build.0 = Release|x86
		{2EFAA01E-4495-471B-B80D-FC4D82A76B18}.Release|x86.Deploy.0 = Release|x86
		{94CE4B05-4398-49CF-8FA4-3BE949A8D730}.Ad-Hoc|Any CPU.ActiveCfg = Debug|Any CPU
		{94CE4B05-4398-49CF-8FA4-3BE949A8D730}.Ad-Hoc|Any CPU.Build.0 = Debug|Any CPU
		{94CE4B05-4398-49CF-8FA4-3BE949A8D730}.Ad-Hoc|Any CPU.Deploy.0 = Debug|Any CPU
		{94CE4B05-4398-49CF-8FA4-3BE949A8D730}.Ad-Hoc|ARM.ActiveCfg = Debug|Any CPU
		{94CE4B05-4398-49CF-8FA4-3BE949A8D730}.Ad-Hoc|ARM.Build.0 = Debug|Any CPU
		{94CE4B05-4398-49CF-8FA4-3BE949A8D730}.Ad-Hoc|ARM.Deploy.0 = Debug|Any CPU
		{94CE4B05-4398-49CF-8FA4-3BE949A8D730}.Ad-Hoc|iPhone.ActiveCfg = Debug|Any CPU
		{94CE4B05-4398-49CF-8FA4-3BE949A8D730}.Ad-Hoc|iPhone.Build.0 = Debug|Any CPU
		{94CE4B05-4398-49CF-8FA4-3BE949A8D730}.Ad-Hoc|iPhone.Deploy.0 = Debug|Any CPU
		{94CE4B05-4398-49CF-8FA4-3BE949A8D730}.Ad-Hoc|iPhoneSimulator.ActiveCfg = Debug|Any CPU
		{94CE4B05-4398-49CF-8FA4-3BE949A8D730}.Ad-Hoc|iPhoneSimulator.Build.0 = Debug|Any CPU
		{94CE4B05-4398-49CF-8FA4-3BE949A8D730}.Ad-Hoc|iPhoneSimulator.Deploy.0 = Debug|Any CPU
		{94CE4B05-4398-49CF-8FA4-3BE949A8D730}.Ad-Hoc|x64.ActiveCfg = Debug|Any CPU
		{94CE4B05-4398-49CF-8FA4-3BE949A8D730}.Ad-Hoc|x64.Build.0 = Debug|Any CPU
		{94CE4B05-4398-49CF-8FA4-3BE949A8D730}.Ad-Hoc|x64.Deploy.0 = Debug|Any CPU
		{94CE4B05-4398-49CF-8FA4-3BE949A8D730}.Ad-Hoc|x86.ActiveCfg = Debug|Any CPU
		{94CE4B05-4398-49CF-8FA4-3BE949A8D730}.Ad-Hoc|x86.Build.0 = Debug|Any CPU
		{94CE4B05-4398-49CF-8FA4-3BE949A8D730}.Ad-Hoc|x86.Deploy.0 = Debug|Any CPU
		{94CE4B05-4398-49CF-8FA4-3BE949A8D730}.AppStore|Any CPU.ActiveCfg = Debug|Any CPU
		{94CE4B05-4398-49CF-8FA4-3BE949A8D730}.AppStore|Any CPU.Build.0 = Debug|Any CPU
		{94CE4B05-4398-49CF-8FA4-3BE949A8D730}.AppStore|Any CPU.Deploy.0 = Debug|Any CPU
		{94CE4B05-4398-49CF-8FA4-3BE949A8D730}.AppStore|ARM.ActiveCfg = Debug|Any CPU
		{94CE4B05-4398-49CF-8FA4-3BE949A8D730}.AppStore|ARM.Build.0 = Debug|Any CPU
		{94CE4B05-4398-49CF-8FA4-3BE949A8D730}.AppStore|ARM.Deploy.0 = Debug|Any CPU
		{94CE4B05-4398-49CF-8FA4-3BE949A8D730}.AppStore|iPhone.ActiveCfg = Debug|Any CPU
		{94CE4B05-4398-49CF-8FA4-3BE949A8D730}.AppStore|iPhone.Build.0 = Debug|Any CPU
		{94CE4B05-4398-49CF-8FA4-3BE949A8D730}.AppStore|iPhone.Deploy.0 = Debug|Any CPU
		{94CE4B05-4398-49CF-8FA4-3BE949A8D730}.AppStore|iPhoneSimulator.ActiveCfg = Debug|Any CPU
		{94CE4B05-4398-49CF-8FA4-3BE949A8D730}.AppStore|iPhoneSimulator.Build.0 = Debug|Any CPU
		{94CE4B05-4398-49CF-8FA4-3BE949A8D730}.AppStore|iPhoneSimulator.Deploy.0 = Debug|Any CPU
		{94CE4B05-4398-49CF-8FA4-3BE949A8D730}.AppStore|x64.ActiveCfg = Debug|Any CPU
		{94CE4B05-4398-49CF-8FA4-3BE949A8D730}.AppStore|x64.Build.0 = Debug|Any CPU
		{94CE4B05-4398-49CF-8FA4-3BE949A8D730}.AppStore|x64.Deploy.0 = Debug|Any CPU
		{94CE4B05-4398-49CF-8FA4-3BE949A8D730}.AppStore|x86.ActiveCfg = Debug|Any CPU
		{94CE4B05-4398-49CF-8FA4-3BE949A8D730}.AppStore|x86.Build.0 = Debug|Any CPU
		{94CE4B05-4398-49CF-8FA4-3BE949A8D730}.AppStore|x86.Deploy.0 = Debug|Any CPU
		{94CE4B05-4398-49CF-8FA4-3BE949A8D730}.Debug|Any CPU.ActiveCfg = Debug|Any CPU
		{94CE4B05-4398-49CF-8FA4-3BE949A8D730}.Debug|Any CPU.Build.0 = Debug|Any CPU
		{94CE4B05-4398-49CF-8FA4-3BE949A8D730}.Debug|Any CPU.Deploy.0 = Debug|Any CPU
		{94CE4B05-4398-49CF-8FA4-3BE949A8D730}.Debug|ARM.ActiveCfg = Debug|Any CPU
		{94CE4B05-4398-49CF-8FA4-3BE949A8D730}.Debug|ARM.Build.0 = Debug|Any CPU
		{94CE4B05-4398-49CF-8FA4-3BE949A8D730}.Debug|ARM.Deploy.0 = Debug|Any CPU
		{94CE4B05-4398-49CF-8FA4-3BE949A8D730}.Debug|iPhone.ActiveCfg = Debug|Any CPU
		{94CE4B05-4398-49CF-8FA4-3BE949A8D730}.Debug|iPhone.Build.0 = Debug|Any CPU
		{94CE4B05-4398-49CF-8FA4-3BE949A8D730}.Debug|iPhone.Deploy.0 = Debug|Any CPU
		{94CE4B05-4398-49CF-8FA4-3BE949A8D730}.Debug|iPhoneSimulator.ActiveCfg = Debug|Any CPU
		{94CE4B05-4398-49CF-8FA4-3BE949A8D730}.Debug|iPhoneSimulator.Build.0 = Debug|Any CPU
		{94CE4B05-4398-49CF-8FA4-3BE949A8D730}.Debug|iPhoneSimulator.Deploy.0 = Debug|Any CPU
		{94CE4B05-4398-49CF-8FA4-3BE949A8D730}.Debug|x64.ActiveCfg = Debug|Any CPU
		{94CE4B05-4398-49CF-8FA4-3BE949A8D730}.Debug|x64.Build.0 = Debug|Any CPU
		{94CE4B05-4398-49CF-8FA4-3BE949A8D730}.Debug|x64.Deploy.0 = Debug|Any CPU
		{94CE4B05-4398-49CF-8FA4-3BE949A8D730}.Debug|x86.ActiveCfg = Debug|Any CPU
		{94CE4B05-4398-49CF-8FA4-3BE949A8D730}.Debug|x86.Build.0 = Debug|Any CPU
		{94CE4B05-4398-49CF-8FA4-3BE949A8D730}.Debug|x86.Deploy.0 = Debug|Any CPU
		{94CE4B05-4398-49CF-8FA4-3BE949A8D730}.Release|Any CPU.ActiveCfg = Release|Any CPU
		{94CE4B05-4398-49CF-8FA4-3BE949A8D730}.Release|Any CPU.Build.0 = Release|Any CPU
		{94CE4B05-4398-49CF-8FA4-3BE949A8D730}.Release|Any CPU.Deploy.0 = Release|Any CPU
		{94CE4B05-4398-49CF-8FA4-3BE949A8D730}.Release|ARM.ActiveCfg = Release|Any CPU
		{94CE4B05-4398-49CF-8FA4-3BE949A8D730}.Release|ARM.Build.0 = Release|Any CPU
		{94CE4B05-4398-49CF-8FA4-3BE949A8D730}.Release|ARM.Deploy.0 = Release|Any CPU
		{94CE4B05-4398-49CF-8FA4-3BE949A8D730}.Release|iPhone.ActiveCfg = Release|Any CPU
		{94CE4B05-4398-49CF-8FA4-3BE949A8D730}.Release|iPhone.Build.0 = Release|Any CPU
		{94CE4B05-4398-49CF-8FA4-3BE949A8D730}.Release|iPhone.Deploy.0 = Release|Any CPU
		{94CE4B05-4398-49CF-8FA4-3BE949A8D730}.Release|iPhoneSimulator.ActiveCfg = Release|Any CPU
		{94CE4B05-4398-49CF-8FA4-3BE949A8D730}.Release|iPhoneSimulator.Build.0 = Release|Any CPU
		{94CE4B05-4398-49CF-8FA4-3BE949A8D730}.Release|iPhoneSimulator.Deploy.0 = Release|Any CPU
		{94CE4B05-4398-49CF-8FA4-3BE949A8D730}.Release|x64.ActiveCfg = Release|Any CPU
		{94CE4B05-4398-49CF-8FA4-3BE949A8D730}.Release|x64.Build.0 = Release|Any CPU
		{94CE4B05-4398-49CF-8FA4-3BE949A8D730}.Release|x64.Deploy.0 = Release|Any CPU
		{94CE4B05-4398-49CF-8FA4-3BE949A8D730}.Release|x86.ActiveCfg = Release|Any CPU
		{94CE4B05-4398-49CF-8FA4-3BE949A8D730}.Release|x86.Build.0 = Release|Any CPU
		{94CE4B05-4398-49CF-8FA4-3BE949A8D730}.Release|x86.Deploy.0 = Release|Any CPU
	EndGlobalSection
	GlobalSection(SolutionProperties) = preSolution
		HideSolutionNode = FALSE
	EndGlobalSection
	GlobalSection(ExtensibilityGlobals) = postSolution
		SolutionGuid = {783B2F66-2C73-4592-8DA6-147954F70166}
	EndGlobalSection
EndGlobal
